// !$*UTF8*$!
{
	archiveVersion = 1;
	classes = {
	};
	objectVersion = 56;
	objects = {

/* Begin PBXBuildFile section */
		DA0608BA2912BC71007C590D /* SnapKit in Frameworks */ = {isa = PBXBuildFile; productRef = DA0608B92912BC71007C590D /* SnapKit */; };
		DA0608BE2912C545007C590D /* KakaoTabbarController.swift in Sources */ = {isa = PBXBuildFile; fileRef = DA0608BD2912C545007C590D /* KakaoTabbarController.swift */; };
		DA0608C02912C577007C590D /* PhotoGridViewController.swift in Sources */ = {isa = PBXBuildFile; fileRef = DA0608BF2912C577007C590D /* PhotoGridViewController.swift */; };
		DA0608C22912C589007C590D /* SharpViewController.swift in Sources */ = {isa = PBXBuildFile; fileRef = DA0608C12912C589007C590D /* SharpViewController.swift */; };
		DA0608C42912C596007C590D /* ShopViewController.swift in Sources */ = {isa = PBXBuildFile; fileRef = DA0608C32912C596007C590D /* ShopViewController.swift */; };
		DA0608C62912C5A1007C590D /* MoreViewController.swift in Sources */ = {isa = PBXBuildFile; fileRef = DA0608C52912C5A1007C590D /* MoreViewController.swift */; };
		DA0608C92912C90F007C590D /* FriendModel.swift in Sources */ = {isa = PBXBuildFile; fileRef = DA0608C82912C90F007C590D /* FriendModel.swift */; };
		DA0608CB2912C964007C590D /* FriendTableViewCell.swift in Sources */ = {isa = PBXBuildFile; fileRef = DA0608CA2912C964007C590D /* FriendTableViewCell.swift */; };
		DA0608D02912CCAA007C590D /* Then in Frameworks */ = {isa = PBXBuildFile; productRef = DA0608CF2912CCAA007C590D /* Then */; };
		DA0608D32912CCB8007C590D /* SwiftyColor in Frameworks */ = {isa = PBXBuildFile; productRef = DA0608D22912CCB8007C590D /* SwiftyColor */; };
		DA0608E02912E595007C590D /* ChatListTableViewCell.swift in Sources */ = {isa = PBXBuildFile; fileRef = DA0608DF2912E595007C590D /* ChatListTableViewCell.swift */; };
		DA0608E92913AA8F007C590D /* PhotoModel.swift in Sources */ = {isa = PBXBuildFile; fileRef = DA0608E82913AA8F007C590D /* PhotoModel.swift */; };
		DA0608EB2913AC75007C590D /* PhotoCollectionViewCell.swift in Sources */ = {isa = PBXBuildFile; fileRef = DA0608EA2913AC75007C590D /* PhotoCollectionViewCell.swift */; };
		DA7E5C8F28F154FF00E73107 /* AppDelegate.swift in Sources */ = {isa = PBXBuildFile; fileRef = DA7E5C8E28F154FF00E73107 /* AppDelegate.swift */; };
		DA7E5C9128F154FF00E73107 /* SceneDelegate.swift in Sources */ = {isa = PBXBuildFile; fileRef = DA7E5C9028F154FF00E73107 /* SceneDelegate.swift */; };
		DA7E5C9628F154FF00E73107 /* Main.storyboard in Resources */ = {isa = PBXBuildFile; fileRef = DA7E5C9428F154FF00E73107 /* Main.storyboard */; };
		DA7E5C9828F154FF00E73107 /* Assets.xcassets in Resources */ = {isa = PBXBuildFile; fileRef = DA7E5C9728F154FF00E73107 /* Assets.xcassets */; };
		DA7E5C9B28F154FF00E73107 /* LaunchScreen.storyboard in Resources */ = {isa = PBXBuildFile; fileRef = DA7E5C9928F154FF00E73107 /* LaunchScreen.storyboard */; };
		DA7E5CA328F155B000E73107 /* FirstLayoutViewController.swift in Sources */ = {isa = PBXBuildFile; fileRef = DA7E5CA228F155B000E73107 /* FirstLayoutViewController.swift */; };
		DA7E5CAA28F15CC900E73107 /* ScrollViewController.swift in Sources */ = {isa = PBXBuildFile; fileRef = DA7E5CA928F15CC800E73107 /* ScrollViewController.swift */; };
		DA7E5CB028F59E7F00E73107 /* loginViewController.swift in Sources */ = {isa = PBXBuildFile; fileRef = DA7E5CAF28F59E7F00E73107 /* loginViewController.swift */; };
		DA7E5CB228F59EA600E73107 /* JoinViewController.swift in Sources */ = {isa = PBXBuildFile; fileRef = DA7E5CB128F59EA600E73107 /* JoinViewController.swift */; };
		DA7E5CB528F59EDA00E73107 /* popupViewController.swift in Sources */ = {isa = PBXBuildFile; fileRef = DA7E5CB428F59EDA00E73107 /* popupViewController.swift */; };
		DA7E5CB728F5C78600E73107 /* FriendListViewController.swift in Sources */ = {isa = PBXBuildFile; fileRef = DA7E5CB628F5C78600E73107 /* FriendListViewController.swift */; };
		DA7E5CB928F6454900E73107 /* ProfilehomeViewController.swift in Sources */ = {isa = PBXBuildFile; fileRef = DA7E5CB828F6454900E73107 /* ProfilehomeViewController.swift */; };
/* End PBXBuildFile section */

/* Begin PBXFileReference section */
		DA0608BD2912C545007C590D /* KakaoTabbarController.swift */ = {isa = PBXFileReference; lastKnownFileType = sourcecode.swift; path = KakaoTabbarController.swift; sourceTree = "<group>"; };
		DA0608BF2912C577007C590D /* PhotoGridViewController.swift */ = {isa = PBXFileReference; lastKnownFileType = sourcecode.swift; path = PhotoGridViewController.swift; sourceTree = "<group>"; };
		DA0608C12912C589007C590D /* SharpViewController.swift */ = {isa = PBXFileReference; lastKnownFileType = sourcecode.swift; path = SharpViewController.swift; sourceTree = "<group>"; };
		DA0608C32912C596007C590D /* ShopViewController.swift */ = {isa = PBXFileReference; lastKnownFileType = sourcecode.swift; path = ShopViewController.swift; sourceTree = "<group>"; };
		DA0608C52912C5A1007C590D /* MoreViewController.swift */ = {isa = PBXFileReference; lastKnownFileType = sourcecode.swift; path = MoreViewController.swift; sourceTree = "<group>"; };
		DA0608C82912C90F007C590D /* FriendModel.swift */ = {isa = PBXFileReference; lastKnownFileType = sourcecode.swift; path = FriendModel.swift; sourceTree = "<group>"; };
		DA0608CA2912C964007C590D /* FriendTableViewCell.swift */ = {isa = PBXFileReference; lastKnownFileType = sourcecode.swift; path = FriendTableViewCell.swift; sourceTree = "<group>"; };
		DA0608DF2912E595007C590D /* ChatListTableViewCell.swift */ = {isa = PBXFileReference; lastKnownFileType = sourcecode.swift; path = ChatListTableViewCell.swift; sourceTree = "<group>"; };
		DA0608E82913AA8F007C590D /* PhotoModel.swift */ = {isa = PBXFileReference; lastKnownFileType = sourcecode.swift; path = PhotoModel.swift; sourceTree = "<group>"; };
		DA0608EA2913AC75007C590D /* PhotoCollectionViewCell.swift */ = {isa = PBXFileReference; lastKnownFileType = sourcecode.swift; path = PhotoCollectionViewCell.swift; sourceTree = "<group>"; };
		DA7E5C8B28F154FF00E73107 /* SOPT_Assignment.app */ = {isa = PBXFileReference; explicitFileType = wrapper.application; includeInIndex = 0; path = SOPT_Assignment.app; sourceTree = BUILT_PRODUCTS_DIR; };
		DA7E5C8E28F154FF00E73107 /* AppDelegate.swift */ = {isa = PBXFileReference; lastKnownFileType = sourcecode.swift; path = AppDelegate.swift; sourceTree = "<group>"; };
		DA7E5C9028F154FF00E73107 /* SceneDelegate.swift */ = {isa = PBXFileReference; lastKnownFileType = sourcecode.swift; path = SceneDelegate.swift; sourceTree = "<group>"; };
		DA7E5C9528F154FF00E73107 /* Base */ = {isa = PBXFileReference; lastKnownFileType = file.storyboard; name = Base; path = Base.lproj/Main.storyboard; sourceTree = "<group>"; };
		DA7E5C9728F154FF00E73107 /* Assets.xcassets */ = {isa = PBXFileReference; lastKnownFileType = folder.assetcatalog; path = Assets.xcassets; sourceTree = "<group>"; };
		DA7E5C9A28F154FF00E73107 /* Base */ = {isa = PBXFileReference; lastKnownFileType = file.storyboard; name = Base; path = Base.lproj/LaunchScreen.storyboard; sourceTree = "<group>"; };
		DA7E5C9C28F154FF00E73107 /* Info.plist */ = {isa = PBXFileReference; lastKnownFileType = text.plist.xml; path = Info.plist; sourceTree = "<group>"; };
		DA7E5CA228F155B000E73107 /* FirstLayoutViewController.swift */ = {isa = PBXFileReference; lastKnownFileType = sourcecode.swift; path = FirstLayoutViewController.swift; sourceTree = "<group>"; };
		DA7E5CA928F15CC800E73107 /* ScrollViewController.swift */ = {isa = PBXFileReference; lastKnownFileType = sourcecode.swift; path = ScrollViewController.swift; sourceTree = "<group>"; };
		DA7E5CAF28F59E7F00E73107 /* loginViewController.swift */ = {isa = PBXFileReference; lastKnownFileType = sourcecode.swift; path = loginViewController.swift; sourceTree = "<group>"; };
		DA7E5CB128F59EA600E73107 /* JoinViewController.swift */ = {isa = PBXFileReference; lastKnownFileType = sourcecode.swift; path = JoinViewController.swift; sourceTree = "<group>"; };
		DA7E5CB428F59EDA00E73107 /* popupViewController.swift */ = {isa = PBXFileReference; lastKnownFileType = sourcecode.swift; path = popupViewController.swift; sourceTree = "<group>"; };
		DA7E5CB628F5C78600E73107 /* FriendListViewController.swift */ = {isa = PBXFileReference; lastKnownFileType = sourcecode.swift; path = FriendListViewController.swift; sourceTree = "<group>"; };
		DA7E5CB828F6454900E73107 /* ProfilehomeViewController.swift */ = {isa = PBXFileReference; lastKnownFileType = sourcecode.swift; path = ProfilehomeViewController.swift; sourceTree = "<group>"; };
/* End PBXFileReference section */

/* Begin PBXFrameworksBuildPhase section */
		DA7E5C8828F154FF00E73107 /* Frameworks */ = {
			isa = PBXFrameworksBuildPhase;
			buildActionMask = 2147483647;
			files = (
				DA0608BA2912BC71007C590D /* SnapKit in Frameworks */,
				DA0608D32912CCB8007C590D /* SwiftyColor in Frameworks */,
				DA0608D02912CCAA007C590D /* Then in Frameworks */,
			);
			runOnlyForDeploymentPostprocessing = 0;
		};
/* End PBXFrameworksBuildPhase section */

/* Begin PBXGroup section */
		DA0608C72912C89E007C590D /* FriendList */ = {
			isa = PBXGroup;
			children = (
				DA0608C82912C90F007C590D /* FriendModel.swift */,
				DA7E5CB628F5C78600E73107 /* FriendListViewController.swift */,
				DA0608CA2912C964007C590D /* FriendTableViewCell.swift */,
			);
			path = FriendList;
			sourceTree = "<group>";
		};
		DA0608D42912DBDD007C590D /* chatList */ = {
			isa = PBXGroup;
			children = (
				DA0608DF2912E595007C590D /* ChatListTableViewCell.swift */,
				DA0608BF2912C577007C590D /* PhotoGridViewController.swift */,
				DA0608EA2913AC75007C590D /* PhotoCollectionViewCell.swift */,
				DA0608E82913AA8F007C590D /* PhotoModel.swift */,
			);
			path = chatList;
			sourceTree = "<group>";
		};
		DA7E5C8228F154FF00E73107 = {
			isa = PBXGroup;
			children = (
				DA7E5C8D28F154FF00E73107 /* SOPT_Assignment */,
				DA7E5C8C28F154FF00E73107 /* Products */,
			);
			sourceTree = "<group>";
		};
		DA7E5C8C28F154FF00E73107 /* Products */ = {
			isa = PBXGroup;
			children = (
				DA7E5C8B28F154FF00E73107 /* SOPT_Assignment.app */,
			);
			name = Products;
			sourceTree = "<group>";
		};
		DA7E5C8D28F154FF00E73107 /* SOPT_Assignment */ = {
			isa = PBXGroup;
			children = (
				DAB8C42029122B6B00E99F69 /* Resource */,
				DAB8C42129122BBF00E99F69 /* Sources */,
				DAB8C41F29122B2D00E99F69 /* ViewControllers */,
				DA0608D42912DBDD007C590D /* chatList */,
				DA7E5C9C28F154FF00E73107 /* Info.plist */,
				DA7E5CA228F155B000E73107 /* FirstLayoutViewController.swift */,
				DA7E5CA928F15CC800E73107 /* ScrollViewController.swift */,
			);
			path = SOPT_Assignment;
			sourceTree = "<group>";
		};
		DAB8C41F29122B2D00E99F69 /* ViewControllers */ = {
			isa = PBXGroup;
			children = (
				DA0608BD2912C545007C590D /* KakaoTabbarController.swift */,
				DA7E5CAF28F59E7F00E73107 /* loginViewController.swift */,
				DA7E5CB128F59EA600E73107 /* JoinViewController.swift */,
				DA7E5CB428F59EDA00E73107 /* popupViewController.swift */,
				DA7E5CB828F6454900E73107 /* ProfilehomeViewController.swift */,
				DA0608C12912C589007C590D /* SharpViewController.swift */,
				DA0608C32912C596007C590D /* ShopViewController.swift */,
				DA0608C52912C5A1007C590D /* MoreViewController.swift */,
				DA0608C72912C89E007C590D /* FriendList */,
			);
			path = ViewControllers;
			sourceTree = "<group>";
		};
		DAB8C42029122B6B00E99F69 /* Resource */ = {
			isa = PBXGroup;
			children = (
				DA7E5C9428F154FF00E73107 /* Main.storyboard */,
				DA7E5C9728F154FF00E73107 /* Assets.xcassets */,
				DA7E5C9928F154FF00E73107 /* LaunchScreen.storyboard */,
			);
			path = Resource;
			sourceTree = "<group>";
		};
		DAB8C42129122BBF00E99F69 /* Sources */ = {
			isa = PBXGroup;
			children = (
				DA7E5C8E28F154FF00E73107 /* AppDelegate.swift */,
				DA7E5C9028F154FF00E73107 /* SceneDelegate.swift */,
			);
			path = Sources;
			sourceTree = "<group>";
		};
/* End PBXGroup section */

/* Begin PBXNativeTarget section */
		DA7E5C8A28F154FF00E73107 /* SOPT_Assignment */ = {
			isa = PBXNativeTarget;
			buildConfigurationList = DA7E5C9F28F154FF00E73107 /* Build configuration list for PBXNativeTarget "SOPT_Assignment" */;
			buildPhases = (
				DA7E5C8728F154FF00E73107 /* Sources */,
				DA7E5C8828F154FF00E73107 /* Frameworks */,
				DA7E5C8928F154FF00E73107 /* Resources */,
			);
			buildRules = (
			);
			dependencies = (
			);
			name = SOPT_Assignment;
			packageProductDependencies = (
				DA0608B92912BC71007C590D /* SnapKit */,
				DA0608CF2912CCAA007C590D /* Then */,
				DA0608D22912CCB8007C590D /* SwiftyColor */,
			);
			productName = 2nd_seminar;
			productReference = DA7E5C8B28F154FF00E73107 /* SOPT_Assignment.app */;
			productType = "com.apple.product-type.application";
		};
/* End PBXNativeTarget section */

/* Begin PBXProject section */
		DA7E5C8328F154FF00E73107 /* Project object */ = {
			isa = PBXProject;
			attributes = {
				BuildIndependentTargetsInParallel = 1;
				LastSwiftUpdateCheck = 1400;
				LastUpgradeCheck = 1400;
				TargetAttributes = {
					DA7E5C8A28F154FF00E73107 = {
						CreatedOnToolsVersion = 14.0.1;
					};
				};
			};
			buildConfigurationList = DA7E5C8628F154FF00E73107 /* Build configuration list for PBXProject "SOPT_Assignment" */;
			compatibilityVersion = "Xcode 14.0";
			developmentRegion = en;
			hasScannedForEncodings = 0;
			knownRegions = (
				en,
				Base,
			);
			mainGroup = DA7E5C8228F154FF00E73107;
			packageReferences = (
				DA0608B82912BC71007C590D /* XCRemoteSwiftPackageReference "SnapKit" */,
				DA0608CE2912CCAA007C590D /* XCRemoteSwiftPackageReference "Then" */,
				DA0608D12912CCB8007C590D /* XCRemoteSwiftPackageReference "SwiftyColor" */,
			);
			productRefGroup = DA7E5C8C28F154FF00E73107 /* Products */;
			projectDirPath = "";
			projectRoot = "";
			targets = (
				DA7E5C8A28F154FF00E73107 /* SOPT_Assignment */,
			);
		};
/* End PBXProject section */

/* Begin PBXResourcesBuildPhase section */
		DA7E5C8928F154FF00E73107 /* Resources */ = {
			isa = PBXResourcesBuildPhase;
			buildActionMask = 2147483647;
			files = (
				DA7E5C9B28F154FF00E73107 /* LaunchScreen.storyboard in Resources */,
				DA7E5C9828F154FF00E73107 /* Assets.xcassets in Resources */,
				DA7E5C9628F154FF00E73107 /* Main.storyboard in Resources */,
			);
			runOnlyForDeploymentPostprocessing = 0;
		};
/* End PBXResourcesBuildPhase section */

/* Begin PBXSourcesBuildPhase section */
		DA7E5C8728F154FF00E73107 /* Sources */ = {
			isa = PBXSourcesBuildPhase;
			buildActionMask = 2147483647;
			files = (
				DA0608C02912C577007C590D /* PhotoGridViewController.swift in Sources */,
				DA7E5CB028F59E7F00E73107 /* loginViewController.swift in Sources */,
				DA0608BE2912C545007C590D /* KakaoTabbarController.swift in Sources */,
				DA7E5CB228F59EA600E73107 /* JoinViewController.swift in Sources */,
				DA0608C42912C596007C590D /* ShopViewController.swift in Sources */,
				DA7E5CB928F6454900E73107 /* ProfilehomeViewController.swift in Sources */,
				DA7E5CB528F59EDA00E73107 /* popupViewController.swift in Sources */,
				DA0608C62912C5A1007C590D /* MoreViewController.swift in Sources */,
				DA0608E02912E595007C590D /* ChatListTableViewCell.swift in Sources */,
				DA7E5CAA28F15CC900E73107 /* ScrollViewController.swift in Sources */,
				DA0608EB2913AC75007C590D /* PhotoCollectionViewCell.swift in Sources */,
				DA7E5CB728F5C78600E73107 /* FriendListViewController.swift in Sources */,
				DA0608C92912C90F007C590D /* FriendModel.swift in Sources */,
				DA7E5C8F28F154FF00E73107 /* AppDelegate.swift in Sources */,
				DA0608C22912C589007C590D /* SharpViewController.swift in Sources */,
				DA7E5C9128F154FF00E73107 /* SceneDelegate.swift in Sources */,
				DA0608E92913AA8F007C590D /* PhotoModel.swift in Sources */,
				DA7E5CA328F155B000E73107 /* FirstLayoutViewController.swift in Sources */,
				DA0608CB2912C964007C590D /* FriendTableViewCell.swift in Sources */,
			);
			runOnlyForDeploymentPostprocessing = 0;
		};
/* End PBXSourcesBuildPhase section */

/* Begin PBXVariantGroup section */
		DA7E5C9428F154FF00E73107 /* Main.storyboard */ = {
			isa = PBXVariantGroup;
			children = (
				DA7E5C9528F154FF00E73107 /* Base */,
			);
			name = Main.storyboard;
			sourceTree = "<group>";
		};
		DA7E5C9928F154FF00E73107 /* LaunchScreen.storyboard */ = {
			isa = PBXVariantGroup;
			children = (
				DA7E5C9A28F154FF00E73107 /* Base */,
			);
			name = LaunchScreen.storyboard;
			sourceTree = "<group>";
		};
/* End PBXVariantGroup section */

/* Begin XCBuildConfiguration section */
		DA7E5C9D28F154FF00E73107 /* Debug */ = {
			isa = XCBuildConfiguration;
			buildSettings = {
				ALWAYS_SEARCH_USER_PATHS = NO;
				CLANG_ANALYZER_NONNULL = YES;
				CLANG_ANALYZER_NUMBER_OBJECT_CONVERSION = YES_AGGRESSIVE;
				CLANG_CXX_LANGUAGE_STANDARD = "gnu++20";
				CLANG_ENABLE_MODULES = YES;
				CLANG_ENABLE_OBJC_ARC = YES;
				CLANG_ENABLE_OBJC_WEAK = YES;
				CLANG_WARN_BLOCK_CAPTURE_AUTORELEASING = YES;
				CLANG_WARN_BOOL_CONVERSION = YES;
				CLANG_WARN_COMMA = YES;
				CLANG_WARN_CONSTANT_CONVERSION = YES;
				CLANG_WARN_DEPRECATED_OBJC_IMPLEMENTATIONS = YES;
				CLANG_WARN_DIRECT_OBJC_ISA_USAGE = YES_ERROR;
				CLANG_WARN_DOCUMENTATION_COMMENTS = YES;
				CLANG_WARN_EMPTY_BODY = YES;
				CLANG_WARN_ENUM_CONVERSION = YES;
				CLANG_WARN_INFINITE_RECURSION = YES;
				CLANG_WARN_INT_CONVERSION = YES;
				CLANG_WARN_NON_LITERAL_NULL_CONVERSION = YES;
				CLANG_WARN_OBJC_IMPLICIT_RETAIN_SELF = YES;
				CLANG_WARN_OBJC_LITERAL_CONVERSION = YES;
				CLANG_WARN_OBJC_ROOT_CLASS = YES_ERROR;
				CLANG_WARN_QUOTED_INCLUDE_IN_FRAMEWORK_HEADER = YES;
				CLANG_WARN_RANGE_LOOP_ANALYSIS = YES;
				CLANG_WARN_STRICT_PROTOTYPES = YES;
				CLANG_WARN_SUSPICIOUS_MOVE = YES;
				CLANG_WARN_UNGUARDED_AVAILABILITY = YES_AGGRESSIVE;
				CLANG_WARN_UNREACHABLE_CODE = YES;
				CLANG_WARN__DUPLICATE_METHOD_MATCH = YES;
				COPY_PHASE_STRIP = NO;
				DEBUG_INFORMATION_FORMAT = dwarf;
				ENABLE_STRICT_OBJC_MSGSEND = YES;
				ENABLE_TESTABILITY = YES;
				GCC_C_LANGUAGE_STANDARD = gnu11;
				GCC_DYNAMIC_NO_PIC = NO;
				GCC_NO_COMMON_BLOCKS = YES;
				GCC_OPTIMIZATION_LEVEL = 0;
				GCC_PREPROCESSOR_DEFINITIONS = (
					"DEBUG=1",
					"$(inherited)",
				);
				GCC_WARN_64_TO_32_BIT_CONVERSION = YES;
				GCC_WARN_ABOUT_RETURN_TYPE = YES_ERROR;
				GCC_WARN_UNDECLARED_SELECTOR = YES;
				GCC_WARN_UNINITIALIZED_AUTOS = YES_AGGRESSIVE;
				GCC_WARN_UNUSED_FUNCTION = YES;
				GCC_WARN_UNUSED_VARIABLE = YES;
				IPHONEOS_DEPLOYMENT_TARGET = 16.0;
				MTL_ENABLE_DEBUG_INFO = INCLUDE_SOURCE;
				MTL_FAST_MATH = YES;
				ONLY_ACTIVE_ARCH = YES;
				SDKROOT = iphoneos;
				SWIFT_ACTIVE_COMPILATION_CONDITIONS = DEBUG;
				SWIFT_OPTIMIZATION_LEVEL = "-Onone";
			};
			name = Debug;
		};
		DA7E5C9E28F154FF00E73107 /* Release */ = {
			isa = XCBuildConfiguration;
			buildSettings = {
				ALWAYS_SEARCH_USER_PATHS = NO;
				CLANG_ANALYZER_NONNULL = YES;
				CLANG_ANALYZER_NUMBER_OBJECT_CONVERSION = YES_AGGRESSIVE;
				CLANG_CXX_LANGUAGE_STANDARD = "gnu++20";
				CLANG_ENABLE_MODULES = YES;
				CLANG_ENABLE_OBJC_ARC = YES;
				CLANG_ENABLE_OBJC_WEAK = YES;
				CLANG_WARN_BLOCK_CAPTURE_AUTORELEASING = YES;
				CLANG_WARN_BOOL_CONVERSION = YES;
				CLANG_WARN_COMMA = YES;
				CLANG_WARN_CONSTANT_CONVERSION = YES;
				CLANG_WARN_DEPRECATED_OBJC_IMPLEMENTATIONS = YES;
				CLANG_WARN_DIRECT_OBJC_ISA_USAGE = YES_ERROR;
				CLANG_WARN_DOCUMENTATION_COMMENTS = YES;
				CLANG_WARN_EMPTY_BODY = YES;
				CLANG_WARN_ENUM_CONVERSION = YES;
				CLANG_WARN_INFINITE_RECURSION = YES;
				CLANG_WARN_INT_CONVERSION = YES;
				CLANG_WARN_NON_LITERAL_NULL_CONVERSION = YES;
				CLANG_WARN_OBJC_IMPLICIT_RETAIN_SELF = YES;
				CLANG_WARN_OBJC_LITERAL_CONVERSION = YES;
				CLANG_WARN_OBJC_ROOT_CLASS = YES_ERROR;
				CLANG_WARN_QUOTED_INCLUDE_IN_FRAMEWORK_HEADER = YES;
				CLANG_WARN_RANGE_LOOP_ANALYSIS = YES;
				CLANG_WARN_STRICT_PROTOTYPES = YES;
				CLANG_WARN_SUSPICIOUS_MOVE = YES;
				CLANG_WARN_UNGUARDED_AVAILABILITY = YES_AGGRESSIVE;
				CLANG_WARN_UNREACHABLE_CODE = YES;
				CLANG_WARN__DUPLICATE_METHOD_MATCH = YES;
				COPY_PHASE_STRIP = NO;
				DEBUG_INFORMATION_FORMAT = "dwarf-with-dsym";
				ENABLE_NS_ASSERTIONS = NO;
				ENABLE_STRICT_OBJC_MSGSEND = YES;
				GCC_C_LANGUAGE_STANDARD = gnu11;
				GCC_NO_COMMON_BLOCKS = YES;
				GCC_WARN_64_TO_32_BIT_CONVERSION = YES;
				GCC_WARN_ABOUT_RETURN_TYPE = YES_ERROR;
				GCC_WARN_UNDECLARED_SELECTOR = YES;
				GCC_WARN_UNINITIALIZED_AUTOS = YES_AGGRESSIVE;
				GCC_WARN_UNUSED_FUNCTION = YES;
				GCC_WARN_UNUSED_VARIABLE = YES;
				IPHONEOS_DEPLOYMENT_TARGET = 16.0;
				MTL_ENABLE_DEBUG_INFO = NO;
				MTL_FAST_MATH = YES;
				SDKROOT = iphoneos;
				SWIFT_COMPILATION_MODE = wholemodule;
				SWIFT_OPTIMIZATION_LEVEL = "-O";
				VALIDATE_PRODUCT = YES;
			};
			name = Release;
		};
		DA7E5CA028F154FF00E73107 /* Debug */ = {
			isa = XCBuildConfiguration;
			buildSettings = {
				ASSETCATALOG_COMPILER_APPICON_NAME = AppIcon;
				ASSETCATALOG_COMPILER_GLOBAL_ACCENT_COLOR_NAME = AccentColor;
				CODE_SIGN_STYLE = Automatic;
				CURRENT_PROJECT_VERSION = 1;
				GENERATE_INFOPLIST_FILE = YES;
				INFOPLIST_FILE = SOPT_Assignment/Info.plist;
				INFOPLIST_KEY_UIApplicationSupportsIndirectInputEvents = YES;
				INFOPLIST_KEY_UILaunchStoryboardName = LaunchScreen;
				INFOPLIST_KEY_UIMainStoryboardFile = Main;
				INFOPLIST_KEY_UISupportedInterfaceOrientations_iPad = "UIInterfaceOrientationPortrait UIInterfaceOrientationPortraitUpsideDown UIInterfaceOrientationLandscapeLeft UIInterfaceOrientationLandscapeRight";
				INFOPLIST_KEY_UISupportedInterfaceOrientations_iPhone = "UIInterfaceOrientationPortrait UIInterfaceOrientationLandscapeLeft UIInterfaceOrientationLandscapeRight";
				LD_RUNPATH_SEARCH_PATHS = (
					"$(inherited)",
					"@executable_path/Frameworks",
				);
				MARKETING_VERSION = 1.0;
				PRODUCT_BUNDLE_IDENTIFIER = yeonwoo.SOPT_Assignment;
				PRODUCT_NAME = "$(TARGET_NAME)";
				SWIFT_EMIT_LOC_STRINGS = YES;
				SWIFT_VERSION = 5.0;
				TARGETED_DEVICE_FAMILY = "1,2";
			};
			name = Debug;
		};
		DA7E5CA128F154FF00E73107 /* Release */ = {
			isa = XCBuildConfiguration;
			buildSettings = {
				ASSETCATALOG_COMPILER_APPICON_NAME = AppIcon;
				ASSETCATALOG_COMPILER_GLOBAL_ACCENT_COLOR_NAME = AccentColor;
				CODE_SIGN_STYLE = Automatic;
				CURRENT_PROJECT_VERSION = 1;
				GENERATE_INFOPLIST_FILE = YES;
				INFOPLIST_FILE = SOPT_Assignment/Info.plist;
				INFOPLIST_KEY_UIApplicationSupportsIndirectInputEvents = YES;
				INFOPLIST_KEY_UILaunchStoryboardName = LaunchScreen;
				INFOPLIST_KEY_UIMainStoryboardFile = Main;
				INFOPLIST_KEY_UISupportedInterfaceOrientations_iPad = "UIInterfaceOrientationPortrait UIInterfaceOrientationPortraitUpsideDown UIInterfaceOrientationLandscapeLeft UIInterfaceOrientationLandscapeRight";
				INFOPLIST_KEY_UISupportedInterfaceOrientations_iPhone = "UIInterfaceOrientationPortrait UIInterfaceOrientationLandscapeLeft UIInterfaceOrientationLandscapeRight";
				LD_RUNPATH_SEARCH_PATHS = (
					"$(inherited)",
					"@executable_path/Frameworks",
				);
				MARKETING_VERSION = 1.0;
				PRODUCT_BUNDLE_IDENTIFIER = yeonwoo.SOPT_Assignment;
				PRODUCT_NAME = "$(TARGET_NAME)";
				SWIFT_EMIT_LOC_STRINGS = YES;
				SWIFT_VERSION = 5.0;
				TARGETED_DEVICE_FAMILY = "1,2";
			};
			name = Release;
		};
/* End XCBuildConfiguration section */

/* Begin XCConfigurationList section */
		DA7E5C8628F154FF00E73107 /* Build configuration list for PBXProject "SOPT_Assignment" */ = {
			isa = XCConfigurationList;
			buildConfigurations = (
				DA7E5C9D28F154FF00E73107 /* Debug */,
				DA7E5C9E28F154FF00E73107 /* Release */,
			);
			defaultConfigurationIsVisible = 0;
			defaultConfigurationName = Release;
		};
		DA7E5C9F28F154FF00E73107 /* Build configuration list for PBXNativeTarget "SOPT_Assignment" */ = {
			isa = XCConfigurationList;
			buildConfigurations = (
				DA7E5CA028F154FF00E73107 /* Debug */,
				DA7E5CA128F154FF00E73107 /* Release */,
			);
			defaultConfigurationIsVisible = 0;
			defaultConfigurationName = Release;
		};
/* End XCConfigurationList section */

/* Begin XCRemoteSwiftPackageReference section */
		DA0608B82912BC71007C590D /* XCRemoteSwiftPackageReference "SnapKit" */ = {
			isa = XCRemoteSwiftPackageReference;
			repositoryURL = "https://github.com/SnapKit/SnapKit";
			requirement = {
				branch = develop;
				kind = branch;
			};
		};
		DA0608CE2912CCAA007C590D /* XCRemoteSwiftPackageReference "Then" */ = {
			isa = XCRemoteSwiftPackageReference;
			repositoryURL = "https://github.com/devxoul/Then";
			requirement = {
				branch = master;
				kind = branch;
			};
		};
		DA0608D12912CCB8007C590D /* XCRemoteSwiftPackageReference "SwiftyColor" */ = {
			isa = XCRemoteSwiftPackageReference;
			repositoryURL = "https://github.com/devxoul/SwiftyColor";
			requirement = {
				branch = master;
				kind = branch;
			};
		};
/* End XCRemoteSwiftPackageReference section */

/* Begin XCSwiftPackageProductDependency section */
		DA0608B92912BC71007C590D /* SnapKit */ = {
			isa = XCSwiftPackageProductDependency;
			package = DA0608B82912BC71007C590D /* XCRemoteSwiftPackageReference "SnapKit" */;
			productName = SnapKit;
		};
		DA0608CF2912CCAA007C590D /* Then */ = {
			isa = XCSwiftPackageProductDependency;
			package = DA0608CE2912CCAA007C590D /* XCRemoteSwiftPackageReference "Then" */;
			productName = Then;
		};
		DA0608D22912CCB8007C590D /* SwiftyColor */ = {
			isa = XCSwiftPackageProductDependency;
			package = DA0608D12912CCB8007C590D /* XCRemoteSwiftPackageReference "SwiftyColor" */;
			productName = SwiftyColor;
		};
/* End XCSwiftPackageProductDependency section */
	};
	rootObject = DA7E5C8328F154FF00E73107 /* Project object */;
}
